{
    "_meta": {
        "hash": {
            "sha256": "893c416fb4b90053c34f34366d6fa7fdb850bac0bc1290ad7c0e442806cbabb7"
        },
        "pipfile-spec": 6,
        "requires": {
            "python_version": "3.8"
        },
        "sources": [
            {
                "name": "pypi",
                "url": "https://pypi.org/simple",
                "verify_ssl": true
            }
        ]
    },
    "default": {
        "certifi": {
            "hashes": [
                "sha256:78884e7c1d4b00ce3cea67b44566851c4343c120abd683433ce934a68ea58872",
                "sha256:d62a0163eb4c2344ac042ab2bdf75399a71a2d8c7d47eac2e2ee91b9d6339569"
            ],
            "version": "==2021.10.8"
        },
        "charset-normalizer": {
            "hashes": [
                "sha256:1eecaa09422db5be9e29d7fc65664e6c33bd06f9ced7838578ba40d58bdf3721",
                "sha256:b0b883e8e874edfdece9c28f314e3dd5badf067342e42fb162203335ae61aa2c"
            ],
            "markers": "python_version >= '3'",
            "version": "==2.0.9"
        },
        "click": {
            "hashes": [
                "sha256:353f466495adaeb40b6b5f592f9f91cb22372351c84caeb068132442a4518ef3",
                "sha256:410e932b050f5eed773c4cda94de75971c89cdb3155a72a0831139a79e5ecb5b"
            ],
            "index": "pypi",
            "version": "==8.0.3"
        },
        "container-app-conf": {
            "hashes": [
                "sha256:50e20bd0f8f124391769831272748a00f135dbb68592813fbb0c11ba6c437dd6",
                "sha256:7b31a0f0501bf489dcab9a08df119ac63f387c49be65ed5a0914b6492d6f5bfd"
            ],
            "index": "pypi",
            "version": "==5.2.2"
        },
        "elasticsearch": {
            "hashes": [
                "sha256:23ac0afb4398c48990e359ac73ab6963741bd05321345299c62d9d23e209eee2",
                "sha256:c05aa792a52b1e6ad9d226340dc19165c4a491ac48fbd91af51ec839bf953210"
            ],
            "index": "pypi",
            "version": "==7.16.2"
        },
        "idna": {
            "hashes": [
                "sha256:84d9dd047ffa80596e0f246e2eab0b391788b0503584e8945f2368256d2735ff",
                "sha256:9d643ff0a55b762d5cdb124b8eaa99c66322e2157b69160bc32796e824360e6d"
            ],
            "markers": "python_version >= '3'",
            "version": "==3.3"
        },
        "image-match": {
            "editable": true,
            "git": "https://github.com/markusressel/image-match.git",
            "ref": "881e5690859798f3d99e9aa933a055a3ec5f82bc"
        },
        "imageio": {
            "hashes": [
                "sha256:a3a18d5d01732557247fba5658d7f75425e97ce49c8fe2cd81bd348f5c71ffb2",
                "sha256:c7ec2be58e401b6eaa838f8eaf8368ed54b2de4a1b001fe6551644f1a30a843d"
            ],
            "markers": "python_version >= '3.5'",
            "version": "==2.13.5"
        },
        "networkx": {
            "hashes": [
                "sha256:80b6b89c77d1dfb64a4c7854981b60aeea6360ac02c6d4e4913319e0a313abef",
                "sha256:c0946ed31d71f1b732b5aaa6da5a0388a345019af232ce2f49c766e2d6795c51"
            ],
            "markers": "python_version >= '3.7'",
            "version": "==2.6.3"
        },
        "numpy": {
            "hashes": [
                "sha256:0cfe07133fd00b27edee5e6385e333e9eeb010607e8a46e1cd673f05f8596595",
                "sha256:11a1f3816ea82eed4178102c56281782690ab5993251fdfd75039aad4d20385f",
                "sha256:2762331de395739c91f1abb88041f94a080cb1143aeec791b3b223976228af3f",
                "sha256:283d9de87c0133ef98f93dfc09fad3fb382f2a15580de75c02b5bb36a5a159a5",
                "sha256:3d22662b4b10112c545c91a0741f2436f8ca979ab3d69d03d19322aa970f9695",
                "sha256:41388e32e40b41dd56eb37fcaa7488b2b47b0adf77c66154d6b89622c110dfe9",
                "sha256:42c16cec1c8cf2728f1d539bd55aaa9d6bb48a7de2f41eb944697293ef65a559",
                "sha256:47ee7a839f5885bc0c63a74aabb91f6f40d7d7b639253768c4199b37aede7982",
                "sha256:5a311ee4d983c487a0ab546708edbdd759393a3dc9cd30305170149fedd23c88",
                "sha256:5dc65644f75a4c2970f21394ad8bea1a844104f0fe01f278631be1c7eae27226",
                "sha256:6ed0d073a9c54ac40c41a9c2d53fcc3d4d4ed607670b9e7b0de1ba13b4cbfe6f",
                "sha256:76ba7c40e80f9dc815c5e896330700fd6e20814e69da9c1267d65a4d051080f1",
                "sha256:818b9be7900e8dc23e013a92779135623476f44a0de58b40c32a15368c01d471",
                "sha256:a024181d7aef0004d76fb3bce2a4c9f2e67a609a9e2a6ff2571d30e9976aa383",
                "sha256:a955e4128ac36797aaffd49ab44ec74a71c11d6938df83b1285492d277db5397",
                "sha256:a97a954a8c2f046d3817c2bce16e3c7e9a9c2afffaf0400f5c16df5172a67c9c",
                "sha256:a97e82c39d9856fe7d4f9b86d8a1e66eff99cf3a8b7ba48202f659703d27c46f",
                "sha256:b55b953a1bdb465f4dc181758570d321db4ac23005f90ffd2b434cc6609a63dd",
                "sha256:bb02929b0d6bfab4c48a79bd805bd7419114606947ec8284476167415171f55b",
                "sha256:bece0a4a49e60e472a6d1f70ac6cdea00f9ab80ff01132f96bd970cdd8a9e5a9",
                "sha256:e41e8951749c4b5c9a2dc5fdbc1a4eec6ab2a140fdae9b460b0f557eed870f4d",
                "sha256:f71d57cc8645f14816ae249407d309be250ad8de93ef61d9709b45a0ddf4050c"
            ],
            "index": "pypi",
            "version": "==1.22.0"
        },
        "ordered-set": {
            "hashes": [
                "sha256:ba93b2df055bca202116ec44b9bead3df33ea63a7d5827ff8e16738b97f33a95"
            ],
            "index": "pypi",
            "version": "==4.0.2"
        },
        "packaging": {
            "hashes": [
                "sha256:dd47c42927d89ab911e606518907cc2d3a1f38bbd026385970643f9c5b8ecfeb",
                "sha256:ef103e05f519cdc783ae24ea4e2e0f508a9c99b2d4969652eed6a2e1ea5bd522"
            ],
            "markers": "python_version >= '3.6'",
            "version": "==21.3"
        },
        "pillow": {
            "hashes": [
                "sha256:03b27b197deb4ee400ed57d8d4e572d2d8d80f825b6634daf6e2c18c3c6ccfa6",
                "sha256:0b281fcadbb688607ea6ece7649c5d59d4bbd574e90db6cd030e9e85bde9fecc",
                "sha256:0ebd8b9137630a7bbbff8c4b31e774ff05bbb90f7911d93ea2c9371e41039b52",
                "sha256:113723312215b25c22df1fdf0e2da7a3b9c357a7d24a93ebbe80bfda4f37a8d4",
                "sha256:2d16b6196fb7a54aff6b5e3ecd00f7c0bab1b56eee39214b2b223a9d938c50af",
                "sha256:2fd8053e1f8ff1844419842fd474fc359676b2e2a2b66b11cc59f4fa0a301315",
                "sha256:31b265496e603985fad54d52d11970383e317d11e18e856971bdbb86af7242a4",
                "sha256:3586e12d874ce2f1bc875a3ffba98732ebb12e18fb6d97be482bd62b56803281",
                "sha256:47f5cf60bcb9fbc46011f75c9b45a8b5ad077ca352a78185bd3e7f1d294b98bb",
                "sha256:490e52e99224858f154975db61c060686df8a6b3f0212a678e5d2e2ce24675c9",
                "sha256:500d397ddf4bbf2ca42e198399ac13e7841956c72645513e8ddf243b31ad2128",
                "sha256:52abae4c96b5da630a8b4247de5428f593465291e5b239f3f843a911a3cf0105",
                "sha256:6579f9ba84a3d4f1807c4aab4be06f373017fc65fff43498885ac50a9b47a553",
                "sha256:68e06f8b2248f6dc8b899c3e7ecf02c9f413aab622f4d6190df53a78b93d97a5",
                "sha256:6c5439bfb35a89cac50e81c751317faea647b9a3ec11c039900cd6915831064d",
                "sha256:72c3110228944019e5f27232296c5923398496b28be42535e3b2dc7297b6e8b6",
                "sha256:72f649d93d4cc4d8cf79c91ebc25137c358718ad75f99e99e043325ea7d56100",
                "sha256:7aaf07085c756f6cb1c692ee0d5a86c531703b6e8c9cae581b31b562c16b98ce",
                "sha256:80fe92813d208ce8aa7d76da878bdc84b90809f79ccbad2a288e9bcbeac1d9bd",
                "sha256:95545137fc56ce8c10de646074d242001a112a92de169986abd8c88c27566a05",
                "sha256:97b6d21771da41497b81652d44191489296555b761684f82b7b544c49989110f",
                "sha256:98cb63ca63cb61f594511c06218ab4394bf80388b3d66cd61d0b1f63ee0ea69f",
                "sha256:9f3b4522148586d35e78313db4db0df4b759ddd7649ef70002b6c3767d0fdeb7",
                "sha256:a09a9d4ec2b7887f7a088bbaacfd5c07160e746e3d47ec5e8050ae3b2a229e9f",
                "sha256:b5050d681bcf5c9f2570b93bee5d3ec8ae4cf23158812f91ed57f7126df91762",
                "sha256:bb47a548cea95b86494a26c89d153fd31122ed65255db5dcbc421a2d28eb3379",
                "sha256:bc462d24500ba707e9cbdef436c16e5c8cbf29908278af053008d9f689f56dee",
                "sha256:c2067b3bb0781f14059b112c9da5a91c80a600a97915b4f48b37f197895dd925",
                "sha256:d154ed971a4cc04b93a6d5b47f37948d1f621f25de3e8fa0c26b2d44f24e3e8f",
                "sha256:d5dcea1387331c905405b09cdbfb34611050cc52c865d71f2362f354faee1e9f",
                "sha256:ee6e2963e92762923956fe5d3479b1fdc3b76c83f290aad131a2f98c3df0593e",
                "sha256:fd0e5062f11cb3e730450a7d9f323f4051b532781026395c4323b8ad055523c4"
            ],
            "index": "pypi",
            "version": "==9.0.0"
        },
        "pip": {
            "hashes": [
                "sha256:deaf32dcd9ab821e359cd8330786bcd077604b5c5730c0b096eda46f95c24a2d",
                "sha256:fd11ba3d0fdb4c07fbc5ecbba0b1b719809420f25038f8ee3cd913d3faa3033a"
            ],
            "index": "pypi",
            "version": "==21.3.1"
        },
        "prometheus-client": {
            "hashes": [
                "sha256:1b12ba48cee33b9b0b9de64a1047cbd3c5f2d0ab6ebcead7ddda613a750ec3c5",
                "sha256:317453ebabff0a1b02df7f708efbab21e3489e7072b61cb6957230dd004a0af0"
            ],
            "index": "pypi",
            "version": "==0.12.0"
        },
        "py-range-parse": {
            "hashes": [
                "sha256:15cf56ab4483814162f57f3b2bfd3ae68f6c4ea4cd7e710c881a5ce97f516c2c",
                "sha256:a9d6b66f8e10dd26f5ff9726daef5b70bb32368a00a4563bd65d062c73d7c979"
            ],
            "version": "==1.0.5"
        },
        "pyparsing": {
            "hashes": [
                "sha256:04ff808a5b90911829c55c4e26f75fa5ca8a2f5f36aa3a51f68e27033341d3e4",
                "sha256:d9bdec0013ef1eb5a84ab39a3b3868911598afa494f5faa038647101504e2b81"
            ],
            "markers": "python_version >= '3.6'",
            "version": "==3.0.6"
        },
        "python-dateutil": {
            "hashes": [
                "sha256:0123cacc1627ae19ddf3c27a5de5bd67ee4586fbdd6440d9748f8abb483d3e86",
                "sha256:961d03dc3453ebbc59dbdea9e4e11c5651520a876d0f4db161e8674aae935da9"
            ],
            "markers": "python_version >= '2.7' and python_version not in '3.0, 3.1, 3.2, 3.3'",
            "version": "==2.8.2"
        },
        "pytimeparse": {
            "hashes": [
                "sha256:04b7be6cc8bd9f5647a6325444926c3ac34ee6bc7e69da4367ba282f076036bd",
                "sha256:e86136477be924d7e670646a98561957e8ca7308d44841e21f5ddea757556a0a"
            ],
            "version": "==1.1.8"
        },
        "pywavelets": {
            "hashes": [
                "sha256:151a7f3d3db36baffe640d691403b7cd3938a1886c8a387b719e7e8b580dd4b1",
                "sha256:16c30e98f52e1a5d0a06b4b8f294114aaa94a0e95445b4056b6ca0a7a5535a42",
                "sha256:18d84982417790a645f74cb0f968e89fb8af575dbf17a52c64af5075aa5528b8",
                "sha256:28bb3d7d411ffbcfaa5a81a5a32044805893752c1641b39f6544b7e0a24661c3",
                "sha256:2ec1fc92573f56c1b129006d109e7518a098f3c8c6a2183b495619faca931461",
                "sha256:3089aa6b4962e1f5dbd0434a10f174f7a50f80bf64cb7d33cc725af07bd30ecc",
                "sha256:333684cc0d0e89cf6cb3a8b3ea68528790e1a3edc565a100cda47e29860f892d",
                "sha256:33375e3e6e361659f2519d412de2b50e2527a97c3946ffd66ca20a8ea1346fea",
                "sha256:333e1370167b0a2b963df82e42968000734bfa23b2ce88191e8ce9d24fc4cc57",
                "sha256:351937e4fc6f3df3555cd2813e73bfc344885c5d994fd621d13dd004d05a4cb7",
                "sha256:44315d197bad9564210ef42f2d5a01c07ee6fd456c679d4a6d0f4e23ec9930cf",
                "sha256:449d2d5f9c1f28a1bce01f714f9f742d9fdbce90f66de0a92cad39d98d24477b",
                "sha256:4c29efb581245e4ba3e76b23b1bf254a7c79821d7e63f432e68044cf2d233e9e",
                "sha256:537b5a8a8a3e9e5b931d34b517aa2312a3d8385937f98c4f8ffa668483329cfb",
                "sha256:616fd2967dd153c3f539b1e0979168969f3702125caae4caa769efc5621cc2b7",
                "sha256:663d265cb433653ef6335973edd13c66cd86c85fbe9c09e4bd138119bac15974",
                "sha256:69cfc7f2ceb0a1097e7e8d1a026cbb2ff1afecc2d79820856f1abccb6cb59cc4",
                "sha256:6cbd69b047bb4e00873097472133425f5f08a4e6bc8b3f0ae709274d4d5e9a8d",
                "sha256:71415f2c376ae3e1331249043dddb63370c92fed162ebcb108fd87e12a956d89",
                "sha256:73805016353a47c5b5f9cea547ea6ae07cd3520abfd7888916ff56b01e71307a",
                "sha256:79386f4d8518e344487acf22b1c130e5907b3c45852aa50c18df5e19895aa92e",
                "sha256:7a725030682bf891ced9819b4b21d6ef356fa11b70399d2d3adb319aead1efb0",
                "sha256:7e4749ff324e8e01a2fdc859ac9714c4be1cbc6e8a34d5ddedb28fc9513b31a1",
                "sha256:8a72f11c4d23f8ed8544def0003f500e98598e7a1efce892e6f964c430469c05",
                "sha256:90d53119f4b518236ad9a8a6be96d86efb1b4eeb73c28e3ed33824ae601ce7b1",
                "sha256:9b05d2f21da666f918692f0313484002307794b5380f7291a395b9271abdda5c",
                "sha256:a1131c27b9f79ca56dd6347d5585a609f51ed3cad0cfb6c17419b1733d3b6acd",
                "sha256:a82e8c307b98d65737b286e0b458343ecee8505dfb519cd314a5f211f4fb92b9",
                "sha256:abedc0b49273a734d4592e325a5fb32f0741e115d6722e0c59964ecf21344640",
                "sha256:b3d9dab8223d0ce30e7480751f526ce1e97a1dcf5242875f8206e4449953116c",
                "sha256:b9bf543d552d20cf6ddfd690c5c18afacc8440cfb09b7515b2242bb9abfcc5eb",
                "sha256:be231e4bc569f2b1177711390d406d08ce388c1e01ab864f89be8928db234856",
                "sha256:c8b388652b6afb4bf7be313be057240386de93817c6744c2aaf43a22890733c8",
                "sha256:d30c09fa805533bf7c8a5d06aa8babda5ae6c1541cd652cb2ebe6ab0b9536c0e",
                "sha256:d9831b251f63460302811607f80a20285292ed0a0a046f95b4648edc0ed90f9c",
                "sha256:df4d950be507a68d107c8f618ef7a9e0d9071789cfc1a840f89d0c985448880f",
                "sha256:ec670e78be2c3193e26c4bfa31dff1edd89ee8d7e2f4219782f3ef3f6daf37f0",
                "sha256:fd5ca221ac7bedb2a9aebcf3b05020827564db5a979b25005b3a2c7ba84069a2"
            ],
            "markers": "python_version >= '3.7'",
            "version": "==1.2.0"
        },
        "requests": {
            "hashes": [
                "sha256:8e5643905bf20a308e25e4c1dd379117c09000bf8a82ebccc462cfb1b34a16b5",
                "sha256:f71a09d7feba4a6b64ffd8e9d9bc60f9bf7d7e19fd0e04362acb1cfc2e3d98df"
            ],
            "index": "pypi",
            "version": "==2.27.0"
        },
        "ruamel.yaml": {
            "hashes": [
                "sha256:4b8a33c1efb2b443a93fcaafcfa4d2e445f8e8c29c528d9f5cdafb7cc9e4004c",
                "sha256:810eef9c46523a3f77479c66267a4708255ebe806a2d540078408c2227f011af"
            ],
            "markers": "python_version >= '3'",
            "version": "==0.17.20"
        },
        "ruamel.yaml.clib": {
            "hashes": [
                "sha256:0847201b767447fc33b9c235780d3aa90357d20dd6108b92be544427bea197dd",
                "sha256:1070ba9dd7f9370d0513d649420c3b362ac2d687fe78c6e888f5b12bf8bc7bee",
                "sha256:1866cf2c284a03b9524a5cc00daca56d80057c5ce3cdc86a52020f4c720856f0",
                "sha256:221eca6f35076c6ae472a531afa1c223b9c29377e62936f61bc8e6e8bdc5f9e7",
                "sha256:31ea73e564a7b5fbbe8188ab8b334393e06d997914a4e184975348f204790277",
                "sha256:3fb9575a5acd13031c57a62cc7823e5d2ff8bc3835ba4d94b921b4e6ee664104",
                "sha256:4ff604ce439abb20794f05613c374759ce10e3595d1867764dd1ae675b85acbd",
                "sha256:6e7be2c5bcb297f5b82fee9c665eb2eb7001d1050deaba8471842979293a80b0",
                "sha256:72a2b8b2ff0a627496aad76f37a652bcef400fd861721744201ef1b45199ab78",
                "sha256:77df077d32921ad46f34816a9a16e6356d8100374579bc35e15bab5d4e9377de",
                "sha256:78988ed190206672da0f5d50c61afef8f67daa718d614377dcd5e3ed85ab4a99",
                "sha256:7b2927e92feb51d830f531de4ccb11b320255ee95e791022555971c466af4527",
                "sha256:7f7ecb53ae6848f959db6ae93bdff1740e651809780822270eab111500842a84",
                "sha256:825d5fccef6da42f3c8eccd4281af399f21c02b32d98e113dbc631ea6a6ecbc7",
                "sha256:846fc8336443106fe23f9b6d6b8c14a53d38cef9a375149d61f99d78782ea468",
                "sha256:89221ec6d6026f8ae859c09b9718799fea22c0e8da8b766b0b2c9a9ba2db326b",
                "sha256:9efef4aab5353387b07f6b22ace0867032b900d8e91674b5d8ea9150db5cae94",
                "sha256:a32f8d81ea0c6173ab1b3da956869114cae53ba1e9f72374032e33ba3118c233",
                "sha256:a49e0161897901d1ac9c4a79984b8410f450565bbad64dbfcbf76152743a0cdb",
                "sha256:ada3f400d9923a190ea8b59c8f60680c4ef8a4b0dfae134d2f2ff68429adfab5",
                "sha256:bf75d28fa071645c529b5474a550a44686821decebdd00e21127ef1fd566eabe",
                "sha256:cfdb9389d888c5b74af297e51ce357b800dd844898af9d4a547ffc143fa56751",
                "sha256:d67f273097c368265a7b81e152e07fb90ed395df6e552b9fa858c6d2c9f42502",
                "sha256:dc6a613d6c74eef5a14a214d433d06291526145431c3b964f5e16529b1842bed",
                "sha256:de9c6b8a1ba52919ae919f3ae96abb72b994dd0350226e28f3686cb4f142165c"
            ],
            "markers": "python_version >= '3.5'",
            "version": "==0.2.6"
        },
        "scikit-image": {
            "hashes": [
                "sha256:058af6453644ab68a0e0018b830ef38ec4285a4d14791a28fd62e2ee2d66ff6f",
                "sha256:26ecb813e4d34874ff5f7f49216e217367db273ad8a99e556c77d616121ab219",
                "sha256:3c6a4d9ac342c7a58b3f1d0559cd47e393619a538e03eb22f696d6df821c7d37",
                "sha256:42ab5a6d516fced19ae317b3fbbfeb7d63434d531cb36317ad5b555c3f34c5f3",
                "sha256:43bfe99f839367c954b670ffe635c3789c3e0957b2fab18cfa25c8b9ed85f6e0",
                "sha256:4849352b2dffd9f5cdf2efae99dabe14d7b2880331387826445f31d9148650f6",
                "sha256:48f00ee1e8ec2818ae6a152c72df15f4db7f566e839f5c34e1a0c3c9e5210138",
                "sha256:50611d5dac964bc5593457b96860bd93079984376466173800e97401a5de4ec2",
                "sha256:5264f20f8940b852b46cf579bd9a6343dc80c2277cda78a7442efeaa68198c4f",
                "sha256:63dc34bbd46425c78f6760f348c90fcccb4169ada60857b71db3f18fabe5620a",
                "sha256:64da56c7d3098b91429b3070908e5c2b6534791f3ec516d1396fbe8fa51d1170",
                "sha256:66411fa085aa5e1ac98daeda1f596ae1396041ee70ea0f2081d6260b803ad1a6",
                "sha256:7ec06bee79685d17b94889bb028baea0f34ea171be200885cc9a1b808d96ebf6",
                "sha256:8385c0f9a02698048129654feb4f136d213127fbcf1d99f28e4cdd6669984f53",
                "sha256:8dda7a82f83296a2fcbe6ee0684d84e0ee4477cae57200117f5a55c80f8ec844",
                "sha256:92266b2eb498ebac9de50768a296e111e95752b6070344d98c2f5fd06c1e7635",
                "sha256:97a6b82e1286f4d2a602e1362edaf0f14da417f2b4208576f6455dd01283880f",
                "sha256:9f88ff2f00d1bf0f6f4d3bba07530c857ba53fa3b2284dd685762514b299f734",
                "sha256:ad997e0fce1492855bd19e76c4a1609eecc29328623ddda8c6297ca137999055",
                "sha256:b2ab64c66ac0c7ad4d5da167eff7c9af04770e445f9242dbe43f12d005f48107",
                "sha256:b516764deb0780feb861c99c1e8503f8804a04f02f0ffcb0f0310672467ed520",
                "sha256:c3d012c861792b2baec07118ecf31b246cd27051035f527dc2618ad28c6ac29e",
                "sha256:ce144d21792560a69536c2f64ba7ecd28542a6a8ac9fd6f856465d11a4eb8648",
                "sha256:d86387e0ba4713a460499e1d063e59a4ab16144836f6d3a5ff940316be24d07b",
                "sha256:f1d8fd2989430768e2cdc30cc2a69642de67d7ddfc1c80e1977eab199aedc0a1",
                "sha256:f97bfeaf844b45711834ff4afeb5c7ce9dcf33f33a8d8b110fb14f6bd3cd82bc"
            ],
            "markers": "python_version >= '3.7'",
            "version": "==0.19.1"
        },
        "scipy": {
            "hashes": [
                "sha256:033ce76ed4e9f62923e1f8124f7e2b0800db533828c853b402c7eec6e9465d80",
                "sha256:173308efba2270dcd61cd45a30dfded6ec0085b4b6eb33b5eb11ab443005e088",
                "sha256:21b66200cf44b1c3e86495e3a436fc7a26608f92b8d43d344457c54f1c024cbc",
                "sha256:2c56b820d304dffcadbbb6cbfbc2e2c79ee46ea291db17e288e73cd3c64fefa9",
                "sha256:304dfaa7146cffdb75fbf6bb7c190fd7688795389ad060b970269c8576d038e9",
                "sha256:3f78181a153fa21c018d346f595edd648344751d7f03ab94b398be2ad083ed3e",
                "sha256:4d242d13206ca4302d83d8a6388c9dfce49fc48fdd3c20efad89ba12f785bf9e",
                "sha256:5d1cc2c19afe3b5a546ede7e6a44ce1ff52e443d12b231823268019f608b9b12",
                "sha256:5f2cfc359379c56b3a41b17ebd024109b2049f878badc1e454f31418c3a18436",
                "sha256:65bd52bf55f9a1071398557394203d881384d27b9c2cad7df9a027170aeaef93",
                "sha256:7edd9a311299a61e9919ea4192dd477395b50c014cdc1a1ac572d7c27e2207fa",
                "sha256:8499d9dd1459dc0d0fe68db0832c3d5fc1361ae8e13d05e6849b358dc3f2c279",
                "sha256:866ada14a95b083dd727a845a764cf95dd13ba3dc69a16b99038001b05439709",
                "sha256:87069cf875f0262a6e3187ab0f419f5b4280d3dcf4811ef9613c605f6e4dca95",
                "sha256:93378f3d14fff07572392ce6a6a2ceb3a1f237733bd6dcb9eb6a2b29b0d19085",
                "sha256:95c2d250074cfa76715d58830579c64dff7354484b284c2b8b87e5a38321672c",
                "sha256:ab5875facfdef77e0a47d5fd39ea178b58e60e454a4c85aa1e52fcb80db7babf",
                "sha256:b0e0aeb061a1d7dcd2ed59ea57ee56c9b23dd60100825f98238c06ee5cc4467e",
                "sha256:b78a35c5c74d336f42f44106174b9851c783184a85a3fe3e68857259b37b9ffb",
                "sha256:c9e04d7e9b03a8a6ac2045f7c5ef741be86727d8f49c45db45f244bdd2bcff17",
                "sha256:ca36e7d9430f7481fc7d11e015ae16fbd5575615a8e9060538104778be84addf",
                "sha256:ceebc3c4f6a109777c0053dfa0282fddb8893eddfb0d598574acfb734a926168",
                "sha256:e2c036492e673aad1b7b0d0ccdc0cb30a968353d2c4bf92ac8e73509e1bf212c",
                "sha256:eb326658f9b73c07081300daba90a8746543b5ea177184daed26528273157294",
                "sha256:eb7ae2c4dbdb3c9247e07acc532f91077ae6dbc40ad5bd5dca0bb5a176ee9bda",
                "sha256:edad1cf5b2ce1912c4d8ddad20e11d333165552aba262c882e28c78bbc09dbf6",
                "sha256:eef93a446114ac0193a7b714ce67659db80caf940f3232bad63f4c7a81bc18df",
                "sha256:f7eaea089345a35130bc9a39b89ec1ff69c208efa97b3f8b25ea5d4c41d88094",
                "sha256:f99d206db1f1ae735a8192ab93bd6028f3a42f6fa08467d37a14eb96c9dd34a3"
            ],
            "index": "pypi",
            "version": "==1.7.3"
        },
        "setuptools": {
            "hashes": [
                "sha256:5c89b1a14a67ac5f0956f1cb0aeb7d1d3f4c8ba4e4e1ab7bf1af4933f9a2f0fe",
                "sha256:675fcebecb43c32eb930481abf907619137547f4336206e4d673180242e1a278"
            ],
            "index": "pypi",
            "version": "==60.2.0"
        },
        "six": {
            "hashes": [
                "sha256:1e61c37477a1626458e36f7b1d82aa5c9b094fa4802892072e49de9c60c4c926",
                "sha256:8abb2f1d86890a2dfb989f9a77cfcfd3e47c2a354b01111771326f8aa26e0254"
            ],
            "markers": "python_version >= '2.7' and python_version not in '3.0, 3.1, 3.2, 3.3'",
            "version": "==1.16.0"
        },
        "tabulate": {
            "hashes": [
                "sha256:d7c013fe7abbc5e491394e10fa845f8f32fe54f8dc60c6622c6cf482d25d47e4",
                "sha256:eb1d13f25760052e8931f2ef80aaf6045a6cceb47514db8beab24cded16f13a7"
            ],
            "index": "pypi",
            "version": "==0.8.9"
        },
        "tifffile": {
            "hashes": [
                "sha256:153e31fa1d892f482fabb2ae9f2561fa429ee42d01a6f67e58cee13637d9285b",
                "sha256:2e0066f90e2dbeb3e6a287cfd78bafbd2f142fabbca4a76a8ff809573baf5ad5"
            ],
            "markers": "python_version >= '3.7'",
            "version": "==2021.11.2"
        },
        "toml": {
            "hashes": [
                "sha256:806143ae5bfb6a3c6e736a764057db0e6a0e05e338b5630894a5f779cabb4f9b",
                "sha256:b3bda1d108d5dd99f4a20d24d9c348e91c4db7ab1b749200bded2f839ccbe68f"
            ],
            "markers": "python_version >= '2.6' and python_version not in '3.0, 3.1, 3.2, 3.3'",
            "version": "==0.10.2"
        },
        "tqdm": {
            "hashes": [
                "sha256:8dd278a422499cd6b727e6ae4061c40b48fce8b76d1ccbf5d34fca9b7f925b0c",
                "sha256:d359de7217506c9851b7869f3708d8ee53ed70a1b8edbba4dbcb47442592920d"
            ],
            "index": "pypi",
            "version": "==4.62.3"
        },
        "urllib3": {
            "hashes": [
                "sha256:4987c65554f7a2dbf30c18fd48778ef124af6fab771a377103da0585e2336ece",
                "sha256:c4fdf4019605b6e5423637e01bc9fe4daef873709a7973e195ceba0a62bbc844"
            ],
            "markers": "python_version >= '2.7' and python_version not in '3.0, 3.1, 3.2, 3.3, 3.4' and python_version < '4'",
            "version": "==1.26.7"
        },
        "voluptuous": {
            "hashes": [
                "sha256:4db1ac5079db9249820d49c891cb4660a6f8cae350491210abce741fabf56513"
            ],
            "version": "==0.12.2"
        },
        "watchdog": {
            "hashes": [
                "sha256:25fb5240b195d17de949588628fdf93032ebf163524ef08933db0ea1f99bd685",
                "sha256:3386b367e950a11b0568062b70cc026c6f645428a698d33d39e013aaeda4cc04",
                "sha256:3becdb380d8916c873ad512f1701f8a92ce79ec6978ffde92919fd18d41da7fb",
                "sha256:4ae38bf8ba6f39d5b83f78661273216e7db5b00f08be7592062cb1fc8b8ba542",
                "sha256:8047da932432aa32c515ec1447ea79ce578d0559362ca3605f8e9568f844e3c6",
                "sha256:8f1c00aa35f504197561060ca4c21d3cc079ba29cf6dd2fe61024c70160c990b",
                "sha256:922a69fa533cb0c793b483becaaa0845f655151e7256ec73630a1b2e9ebcb660",
                "sha256:9693f35162dc6208d10b10ddf0458cc09ad70c30ba689d9206e02cd836ce28a3",
                "sha256:a0f1c7edf116a12f7245be06120b1852275f9506a7d90227648b250755a03923",
                "sha256:a36e75df6c767cbf46f61a91c70b3ba71811dfa0aca4a324d9407a06a8b7a2e7",
                "sha256:aba5c812f8ee8a3ff3be51887ca2d55fb8e268439ed44110d3846e4229eb0e8b",
                "sha256:ad6f1796e37db2223d2a3f302f586f74c72c630b48a9872c1e7ae8e92e0ab669",
                "sha256:ae67501c95606072aafa865b6ed47343ac6484472a2f95490ba151f6347acfc2",
                "sha256:b2fcf9402fde2672545b139694284dc3b665fd1be660d73eca6805197ef776a3",
                "sha256:b52b88021b9541a60531142b0a451baca08d28b74a723d0c99b13c8c8d48d604",
                "sha256:b7d336912853d7b77f9b2c24eeed6a5065d0a0cc0d3b6a5a45ad6d1d05fb8cd8",
                "sha256:bd9ba4f332cf57b2c1f698be0728c020399ef3040577cde2939f2e045b39c1e5",
                "sha256:be9be735f827820a06340dff2ddea1fb7234561fa5e6300a62fe7f54d40546a0",
                "sha256:cca7741c0fcc765568350cb139e92b7f9f3c9a08c4f32591d18ab0a6ac9e71b6",
                "sha256:d0d19fb2441947b58fbf91336638c2b9f4cc98e05e1045404d7a4cb7cddc7a65",
                "sha256:e02794ac791662a5eafc6ffeaf9bcc149035a0e48eb0a9d40a8feb4622605a3d",
                "sha256:e0f30db709c939cabf64a6dc5babb276e6d823fd84464ab916f9b9ba5623ca15",
                "sha256:e92c2d33858c8f560671b448205a268096e17870dcf60a9bb3ac7bfbafb7f5f9"
            ],
            "index": "pypi",
            "version": "==2.1.6"
        }
    },
    "develop": {
        "attrs": {
            "hashes": [
                "sha256:2d27e3784d7a565d36ab851fe94887c5eccd6a463168875832a1be79c82828b4",
                "sha256:626ba8234211db98e869df76230a137c4c40a12d72445c45d5f5b716f076e2fd"
            ],
            "markers": "python_version >= '2.7' and python_version not in '3.0, 3.1, 3.2, 3.3, 3.4'",
            "version": "==21.4.0"
        },
        "iniconfig": {
            "hashes": [
                "sha256:011e24c64b7f47f6ebd835bb12a743f2fbe9a26d4cecaa7f53bc4f35ee9da8b3",
                "sha256:bc3af051d7d14b2ee5ef9969666def0cd1a000e121eaea580d4a313df4b37f32"
            ],
            "version": "==1.1.1"
        },
        "packaging": {
            "hashes": [
                "sha256:dd47c42927d89ab911e606518907cc2d3a1f38bbd026385970643f9c5b8ecfeb",
                "sha256:ef103e05f519cdc783ae24ea4e2e0f508a9c99b2d4969652eed6a2e1ea5bd522"
            ],
            "markers": "python_version >= '3.6'",
            "version": "==21.3"
        },
        "pluggy": {
            "hashes": [
                "sha256:4224373bacce55f955a878bf9cfa763c1e360858e330072059e10bad68531159",
                "sha256:74134bbf457f031a36d68416e1509f34bd5ccc019f0bcc952c7b909d06b37bd3"
            ],
            "markers": "python_version >= '3.6'",
            "version": "==1.0.0"
        },
        "py": {
            "hashes": [
                "sha256:51c75c4126074b472f746a24399ad32f6053d1b34b68d2fa41e558e6f4a98719",
                "sha256:607c53218732647dff4acdfcd50cb62615cedf612e72d1724fb1a0cc6405b378"
            ],
            "markers": "python_version >= '2.7' and python_version not in '3.0, 3.1, 3.2, 3.3, 3.4'",
            "version": "==1.11.0"
        },
        "pyparsing": {
            "hashes": [
                "sha256:04ff808a5b90911829c55c4e26f75fa5ca8a2f5f36aa3a51f68e27033341d3e4",
                "sha256:d9bdec0013ef1eb5a84ab39a3b3868911598afa494f5faa038647101504e2b81"
            ],
            "markers": "python_version >= '3.6'",
            "version": "==3.0.6"
        },
        "pytest": {
            "hashes": [
                "sha256:131b36680866a76e6781d13f101efb86cf674ebb9762eb70d3082b6f29889e89",
                "sha256:7310f8d27bc79ced999e760ca304d69f6ba6c6649c0b60fb0e04a4a77cacc134"
            ],
            "index": "pypi",
            "version": "==6.2.5"
        },
        "toml": {
            "hashes": [
                "sha256:806143ae5bfb6a3c6e736a764057db0e6a0e05e338b5630894a5f779cabb4f9b",
                "sha256:b3bda1d108d5dd99f4a20d24d9c348e91c4db7ab1b749200bded2f839ccbe68f"
            ],
            "markers": "python_version >= '2.6' and python_version not in '3.0, 3.1, 3.2, 3.3'",
            "version": "==0.10.2"
        }
    }
}
