{
    "_meta": {
        "hash": {
            "sha256": "893c416fb4b90053c34f34366d6fa7fdb850bac0bc1290ad7c0e442806cbabb7"
        },
        "pipfile-spec": 6,
        "requires": {
            "python_version": "3.8"
        },
        "sources": [
            {
                "name": "pypi",
                "url": "https://pypi.org/simple",
                "verify_ssl": true
            }
        ]
    },
    "default": {
        "certifi": {
            "hashes": [
                "sha256:1a4995114262bffbc2413b159f2a1a480c969de6e6eb13ee966d470af86af59c",
                "sha256:719a74fb9e33b9bd44cc7f3a8d94bc35e4049deebe19ba7d8e108280cfd59830"
            ],
            "version": "==2020.12.5"
        },
        "chardet": {
            "hashes": [
                "sha256:0d6f53a15db4120f2b08c94f11e7d93d2c911ee118b6b30a04ec3ee8310179fa",
                "sha256:f864054d66fd9118f2e67044ac8981a54775ec5b67aed0441892edb553d21da5"
            ],
            "version": "==4.0.0"
        },
        "click": {
            "hashes": [
                "sha256:d2b5255c7c6349bc1bd1e59e08cd12acbbd63ce649f2588755783aa94dfb6b1a",
                "sha256:dacca89f4bfadd5de3d7489b7c8a566eee0d3676333fbb50030263894c38c0dc"
            ],
            "index": "pypi",
            "version": "==7.1.2"
        },
        "container-app-conf": {
            "hashes": [
                "sha256:cb7853e3a25d77c87122c991ac5176fa4de52246ed1f8a6a59c4acb694119613",
                "sha256:f7061bc7d092cf8c539fc61bd0ac4c3aae69b41883b2454b8807b22610248c5c"
            ],
            "index": "pypi",
            "version": "==5.2.1"
        },
        "cycler": {
            "hashes": [
                "sha256:1d8a5ae1ff6c5cf9b93e8811e581232ad8920aeec647c37316ceac982b08cb2d",
                "sha256:cd7b2d1018258d7247a71425e9f26463dfb444d411c39569972f4ce586b0c9d8"
            ],
            "version": "==0.10.0"
        },
        "decorator": {
            "hashes": [
                "sha256:41fa54c2a0cc4ba648be4fd43cff00aedf5b9465c9bf18d64325bc225f08f760",
                "sha256:e3a62f0520172440ca0dcc823749319382e377f37f140a0b99ef45fecb84bfe7"
            ],
            "version": "==4.4.2"
        },
        "elasticsearch": {
            "hashes": [
                "sha256:9a77172be02bc4855210d83f0f1346a1e7d421e3cb2ca47ba81ac0c5a717b3a0",
                "sha256:c67b0f6541eda6de9f92eaea319c070aa2710c5d4d4ee5e3dfa3c21bd95aa378"
            ],
            "index": "pypi",
            "version": "==7.12.0"
        },
        "idna": {
            "hashes": [
                "sha256:b307872f855b18632ce0c21c5e45be78c0ea7ae4c15c828c20788b26921eb3f6",
                "sha256:b97d804b1e9b523befed77c48dacec60e6dcb0b5391d57af6a65a312a90648c0"
            ],
            "version": "==2.10"
        },
        "image-match": {
            "editable": true,
            "git": "https://github.com/markusressel/image-match.git",
            "ref": "881e5690859798f3d99e9aa933a055a3ec5f82bc"
        },
        "imageio": {
            "hashes": [
                "sha256:3604d751f03002e8e0e7650aa71d8d9148144a87daf17cb1f3228e80747f2e6b",
                "sha256:52ddbaeca2dccf53ba2d6dec5676ca7bc3b2403ef8b37f7da78b7654bb3e10f0"
            ],
            "version": "==2.9.0"
        },
        "kiwisolver": {
            "hashes": [
                "sha256:0cd53f403202159b44528498de18f9285b04482bab2a6fc3f5dd8dbb9352e30d",
                "sha256:1e1bc12fb773a7b2ffdeb8380609f4f8064777877b2225dec3da711b421fda31",
                "sha256:225e2e18f271e0ed8157d7f4518ffbf99b9450fca398d561eb5c4a87d0986dd9",
                "sha256:232c9e11fd7ac3a470d65cd67e4359eee155ec57e822e5220322d7b2ac84fbf0",
                "sha256:31dfd2ac56edc0ff9ac295193eeaea1c0c923c0355bf948fbd99ed6018010b72",
                "sha256:33449715e0101e4d34f64990352bce4095c8bf13bed1b390773fc0a7295967b3",
                "sha256:401a2e9afa8588589775fe34fc22d918ae839aaaf0c0e96441c0fdbce6d8ebe6",
                "sha256:44a62e24d9b01ba94ae7a4a6c3fb215dc4af1dde817e7498d901e229aaf50e4e",
                "sha256:50af681a36b2a1dee1d3c169ade9fdc59207d3c31e522519181e12f1b3ba7000",
                "sha256:563c649cfdef27d081c84e72a03b48ea9408c16657500c312575ae9d9f7bc1c3",
                "sha256:5989db3b3b34b76c09253deeaf7fbc2707616f130e166996606c284395da3f18",
                "sha256:5a7a7dbff17e66fac9142ae2ecafb719393aaee6a3768c9de2fd425c63b53e21",
                "sha256:5c3e6455341008a054cccee8c5d24481bcfe1acdbc9add30aa95798e95c65621",
                "sha256:5f6ccd3dd0b9739edcf407514016108e2280769c73a85b9e59aa390046dbf08b",
                "sha256:72c99e39d005b793fb7d3d4e660aed6b6281b502e8c1eaf8ee8346023c8e03bc",
                "sha256:78751b33595f7f9511952e7e60ce858c6d64db2e062afb325985ddbd34b5c131",
                "sha256:834ee27348c4aefc20b479335fd422a2c69db55f7d9ab61721ac8cd83eb78882",
                "sha256:8be8d84b7d4f2ba4ffff3665bcd0211318aa632395a1a41553250484a871d454",
                "sha256:950a199911a8d94683a6b10321f9345d5a3a8433ec58b217ace979e18f16e248",
                "sha256:a357fd4f15ee49b4a98b44ec23a34a95f1e00292a139d6015c11f55774ef10de",
                "sha256:a53d27d0c2a0ebd07e395e56a1fbdf75ffedc4a05943daf472af163413ce9598",
                "sha256:acef3d59d47dd85ecf909c359d0fd2c81ed33bdff70216d3956b463e12c38a54",
                "sha256:b38694dcdac990a743aa654037ff1188c7a9801ac3ccc548d3341014bc5ca278",
                "sha256:b9edd0110a77fc321ab090aaa1cfcaba1d8499850a12848b81be2222eab648f6",
                "sha256:c08e95114951dc2090c4a630c2385bef681cacf12636fb0241accdc6b303fd81",
                "sha256:c5518d51a0735b1e6cee1fdce66359f8d2b59c3ca85dc2b0813a8aa86818a030",
                "sha256:c8fd0f1ae9d92b42854b2979024d7597685ce4ada367172ed7c09edf2cef9cb8",
                "sha256:ca3820eb7f7faf7f0aa88de0e54681bddcb46e485beb844fcecbcd1c8bd01689",
                "sha256:cf8b574c7b9aa060c62116d4181f3a1a4e821b2ec5cbfe3775809474113748d4",
                "sha256:d3155d828dec1d43283bd24d3d3e0d9c7c350cdfcc0bd06c0ad1209c1bbc36d0",
                "sha256:f8d6f8db88049a699817fd9178782867bf22283e3813064302ac59f61d95be05",
                "sha256:fd34fbbfbc40628200730bc1febe30631347103fc8d3d4fa012c21ab9c11eca9"
            ],
            "version": "==1.3.1"
        },
        "matplotlib": {
            "hashes": [
                "sha256:1f83a32e4b6045191f9d34e4dc68c0a17c870b57ef9cca518e516da591246e79",
                "sha256:2eee37340ca1b353e0a43a33da79d0cd4bcb087064a0c3c3d1329cdea8fbc6f3",
                "sha256:53ceb12ef44f8982b45adc7a0889a7e2df1d758e8b360f460e435abe8a8cd658",
                "sha256:574306171b84cd6854c83dc87bc353cacc0f60184149fb00c9ea871eca8c1ecb",
                "sha256:7561fd541477d41f3aa09457c434dd1f7604f3bd26d7858d52018f5dfe1c06d1",
                "sha256:7a54efd6fcad9cb3cd5ef2064b5a3eeb0b63c99f26c346bdcf66e7c98294d7cc",
                "sha256:7f16660edf9a8bcc0f766f51c9e1b9d2dc6ceff6bf636d2dbd8eb925d5832dfd",
                "sha256:81e6fe8b18ef5be67f40a1d4f07d5a4ed21d3878530193898449ddef7793952f",
                "sha256:84a10e462120aa7d9eb6186b50917ed5a6286ee61157bfc17c5b47987d1a9068",
                "sha256:84d4c4f650f356678a5d658a43ca21a41fca13f9b8b00169c0b76e6a6a948908",
                "sha256:86dc94e44403fa0f2b1dd76c9794d66a34e821361962fe7c4e078746362e3b14",
                "sha256:90dbc007f6389bcfd9ef4fe5d4c78c8d2efe4e0ebefd48b4f221cdfed5672be2",
                "sha256:9f374961a3996c2d1b41ba3145462c3708a89759e604112073ed6c8bdf9f622f",
                "sha256:a18cc1ab4a35b845cf33b7880c979f5c609fd26c2d6e74ddfacb73dcc60dd956",
                "sha256:a97781453ac79409ddf455fccf344860719d95142f9c334f2a8f3fff049ffec3",
                "sha256:a989022f89cda417f82dbf65e0a830832afd8af743d05d1414fb49549287ff04",
                "sha256:ac2a30a09984c2719f112a574b6543ccb82d020fd1b23b4d55bf4759ba8dd8f5",
                "sha256:be4430b33b25e127fc4ea239cc386389de420be4d63e71d5359c20b562951ce1",
                "sha256:c45e7bf89ea33a2adaef34774df4e692c7436a18a48bcb0e47a53e698a39fa39"
            ],
            "version": "==3.4.1"
        },
        "networkx": {
            "hashes": [
                "sha256:0635858ed7e989f4c574c2328380b452df892ae85084144c73d8cd819f0c4e06",
                "sha256:109cd585cac41297f71103c3c42ac6ef7379f29788eb54cb751be5a663bb235a"
            ],
            "version": "==2.5.1"
        },
        "numpy": {
            "hashes": [
                "sha256:032be656d89bbf786d743fee11d01ef318b0781281241997558fa7950028dd29",
                "sha256:104f5e90b143dbf298361a99ac1af4cf59131218a045ebf4ee5990b83cff5fab",
                "sha256:125a0e10ddd99a874fd357bfa1b636cd58deb78ba4a30b5ddb09f645c3512e04",
                "sha256:12e4ba5c6420917571f1a5becc9338abbde71dd811ce40b37ba62dec7b39af6d",
                "sha256:13adf545732bb23a796914fe5f891a12bd74cf3d2986eed7b7eba2941eea1590",
                "sha256:2d7e27442599104ee08f4faed56bb87c55f8b10a5494ac2ead5c98a4b289e61f",
                "sha256:3bc63486a870294683980d76ec1e3efc786295ae00128f9ea38e2c6e74d5a60a",
                "sha256:3d3087e24e354c18fb35c454026af3ed8997cfd4997765266897c68d724e4845",
                "sha256:4ed8e96dc146e12c1c5cdd6fb9fd0757f2ba66048bf94c5126b7efebd12d0090",
                "sha256:60759ab15c94dd0e1ed88241fd4fa3312db4e91d2c8f5a2d4cf3863fad83d65b",
                "sha256:65410c7f4398a0047eea5cca9b74009ea61178efd78d1be9847fac1d6716ec1e",
                "sha256:66b467adfcf628f66ea4ac6430ded0614f5cc06ba530d09571ea404789064adc",
                "sha256:7199109fa46277be503393be9250b983f325880766f847885607d9b13848f257",
                "sha256:72251e43ac426ff98ea802a931922c79b8d7596480300eb9f1b1e45e0543571e",
                "sha256:89e5336f2bec0c726ac7e7cdae181b325a9c0ee24e604704ed830d241c5e47ff",
                "sha256:89f937b13b8dd17b0099c7c2e22066883c86ca1575a975f754babc8fbf8d69a9",
                "sha256:9c94cab5054bad82a70b2e77741271790304651d584e2cdfe2041488e753863b",
                "sha256:9eb551d122fadca7774b97db8a112b77231dcccda8e91a5bc99e79890797175e",
                "sha256:a1d7995d1023335e67fb070b2fae6f5968f5be3802b15ad6d79d81ecaa014fe0",
                "sha256:ae61f02b84a0211abb56462a3b6cd1e7ec39d466d3160eb4e1da8bf6717cdbeb",
                "sha256:b9410c0b6fed4a22554f072a86c361e417f0258838957b78bd063bde2c7f841f",
                "sha256:c26287dfc888cf1e65181f39ea75e11f42ffc4f4529e5bd19add57ad458996e2",
                "sha256:c91ec9569facd4757ade0888371eced2ecf49e7982ce5634cc2cf4e7331a4b14",
                "sha256:ecb5b74c702358cdc21268ff4c37f7466357871f53a30e6f84c686952bef16a9"
            ],
            "index": "pypi",
            "version": "==1.20.1"
        },
        "ordered-set": {
            "hashes": [
                "sha256:ba93b2df055bca202116ec44b9bead3df33ea63a7d5827ff8e16738b97f33a95"
            ],
            "index": "pypi",
            "version": "==4.0.2"
        },
        "pillow": {
            "hashes": [
                "sha256:15306d71a1e96d7e271fd2a0737038b5a92ca2978d2e38b6ced7966583e3d5af",
                "sha256:1940fc4d361f9cc7e558d6f56ff38d7351b53052fd7911f4b60cd7bc091ea3b1",
                "sha256:1f93f2fe211f1ef75e6f589327f4d4f8545d5c8e826231b042b483d8383e8a7c",
                "sha256:30d33a1a6400132e6f521640dd3f64578ac9bfb79a619416d7e8802b4ce1dd55",
                "sha256:328240f7dddf77783e72d5ed79899a6b48bc6681f8d1f6001f55933cb4905060",
                "sha256:46c2bcf8e1e75d154e78417b3e3c64e96def738c2a25435e74909e127a8cba5e",
                "sha256:5762ebb4436f46b566fc6351d67a9b5386b5e5de4e58fdaa18a1c83e0e20f1a8",
                "sha256:5a2d957eb4aba9d48170b8fe6538ec1fbc2119ffe6373782c03d8acad3323f2e",
                "sha256:5cf03b9534aca63b192856aa601c68d0764810857786ea5da652581f3a44c2b0",
                "sha256:5daba2b40782c1c5157a788ec4454067c6616f5a0c1b70e26ac326a880c2d328",
                "sha256:63cd413ac52ee3f67057223d363f4f82ce966e64906aea046daf46695e3c8238",
                "sha256:6efac40344d8f668b6c4533ae02a48d52fd852ef0654cc6f19f6ac146399c733",
                "sha256:71b01ee69e7df527439d7752a2ce8fb89e19a32df484a308eca3e81f673d3a03",
                "sha256:71f31ee4df3d5e0b366dd362007740106d3210fb6a56ec4b581a5324ba254f06",
                "sha256:72027ebf682abc9bafd93b43edc44279f641e8996fb2945104471419113cfc71",
                "sha256:74cd9aa648ed6dd25e572453eb09b08817a1e3d9f8d1bd4d8403d99e42ea790b",
                "sha256:81b3716cc9744ffdf76b39afb6247eae754186838cedad0b0ac63b2571253fe6",
                "sha256:8565355a29655b28fdc2c666fd9a3890fe5edc6639d128814fafecfae2d70910",
                "sha256:87f42c976f91ca2fc21a3293e25bd3cd895918597db1b95b93cbd949f7d019ce",
                "sha256:89e4c757a91b8c55d97c91fa09c69b3677c227b942fa749e9a66eef602f59c28",
                "sha256:8c4e32218c764bc27fe49b7328195579581aa419920edcc321c4cb877c65258d",
                "sha256:903293320efe2466c1ab3509a33d6b866dc850cfd0c5d9cc92632014cec185fb",
                "sha256:90882c6f084ef68b71bba190209a734bf90abb82ab5e8f64444c71d5974008c6",
                "sha256:98afcac3205d31ab6a10c5006b0cf040d0026a68ec051edd3517b776c1d78b09",
                "sha256:a01da2c266d9868c4f91a9c6faf47a251f23b9a862dce81d2ff583135206f5be",
                "sha256:aeab4cd016e11e7aa5cfc49dcff8e51561fa64818a0be86efa82c7038e9369d0",
                "sha256:b07c660e014852d98a00a91adfbe25033898a9d90a8f39beb2437d22a203fc44",
                "sha256:bead24c0ae3f1f6afcb915a057943ccf65fc755d11a1410a909c1fefb6c06ad1",
                "sha256:d1d6bca39bb6dd94fba23cdb3eeaea5e30c7717c5343004d900e2a63b132c341",
                "sha256:e2cd8ac157c1e5ae88b6dd790648ee5d2777e76f1e5c7d184eaddb2938594f34",
                "sha256:e5739ae63636a52b706a0facec77b2b58e485637e1638202556156e424a02dc2",
                "sha256:f36c3ff63d6fc509ce599a2f5b0d0732189eed653420e7294c039d342c6e204a",
                "sha256:f91b50ad88048d795c0ad004abbe1390aa1882073b1dca10bfd55d0b8cf18ec5"
            ],
            "index": "pypi",
            "version": "==8.1.2"
        },
        "prometheus-client": {
            "hashes": [
                "sha256:030e4f9df5f53db2292eec37c6255957eb76168c6f974e4176c711cf91ed34aa",
                "sha256:b6c5a9643e3545bcbfd9451766cbaa5d9c67e7303c7bc32c750b6fa70ecb107d"
            ],
            "index": "pypi",
            "version": "==0.10.1"
        },
        "py-range-parse": {
            "hashes": [
                "sha256:15cf56ab4483814162f57f3b2bfd3ae68f6c4ea4cd7e710c881a5ce97f516c2c",
                "sha256:a9d6b66f8e10dd26f5ff9726daef5b70bb32368a00a4563bd65d062c73d7c979"
            ],
            "version": "==1.0.5"
        },
        "pyparsing": {
            "hashes": [
                "sha256:c203ec8783bf771a155b207279b9bccb8dea02d8f0c9e5f8ead507bc3246ecc1",
                "sha256:ef9d7589ef3c200abe66653d3f1ab1033c3c419ae9b9bdb1240a85b024efc88b"
            ],
            "version": "==2.4.7"
        },
        "python-dateutil": {
            "hashes": [
                "sha256:73ebfe9dbf22e832286dafa60473e4cd239f8592f699aa5adaf10050e6e1823c",
                "sha256:75bb3f31ea686f1197762692a9ee6a7550b59fc6ca3a1f4b5d7e32fb98e2da2a"
            ],
            "version": "==2.8.1"
        },
        "pytimeparse": {
            "hashes": [
                "sha256:04b7be6cc8bd9f5647a6325444926c3ac34ee6bc7e69da4367ba282f076036bd",
                "sha256:e86136477be924d7e670646a98561957e8ca7308d44841e21f5ddea757556a0a"
            ],
            "version": "==1.1.8"
        },
        "pywavelets": {
            "hashes": [
                "sha256:076ca8907001fdfe4205484f719d12b4a0262dfe6652fa1cfc3c5c362d14dc84",
                "sha256:18a51b3f9416a2ae6e9a35c4af32cf520dd7895f2b69714f4aa2f4342fca47f9",
                "sha256:1a64b40f6acb4ffbaccce0545d7fc641744f95351f62e4c6aaa40549326008c9",
                "sha256:2b634a54241c190ee989a4af87669d377b37c91bcc9cf0efe33c10ff847f7841",
                "sha256:2f7429eeb5bf9c7068002d0d7f094ed654c77a70ce5e6198737fd68ab85f8311",
                "sha256:35959c041ec014648575085a97b498eafbbaa824f86f6e4a59bfdef8a3fe6308",
                "sha256:39c74740718e420d38c78ca4498568fa57976d78d5096277358e0fa9629a7aea",
                "sha256:411e17ca6ed8cf5e18a7ca5ee06a91c25800cc6c58c77986202abf98d749273a",
                "sha256:55e39ec848ceec13c9fa1598253ae9dd5c31d09dfd48059462860d2b908fb224",
                "sha256:6162dc0ae04669ea04b4b51420777b9ea2d30b0a9d02901b2a3b4d61d159c2e9",
                "sha256:68b5c33741d26c827074b3d8f0251de1c3019bb9567b8d303eb093c822ce28f1",
                "sha256:6bc78fb9c42a716309b4ace56f51965d8b5662c3ba19d4591749f31773db1125",
                "sha256:6ebfefebb5c6494a3af41ad8c60248a95da267a24b79ed143723d4502b1fe4d7",
                "sha256:720dbcdd3d91c6dfead79c80bf8b00a1d8aa4e5d551dc528c6d5151e4efc3403",
                "sha256:732bab78435c48be5d6bc75486ef629d7c8f112e07b313bf1f1a2220ab437277",
                "sha256:7947e51ca05489b85928af52a34fe67022ab5b81d4ae32a4109a99e883a0635e",
                "sha256:79f5b54f9dc353e5ee47f0c3f02bebd2c899d49780633aa771fed43fa20b3149",
                "sha256:80b924edbc012ded8aa8b91cb2fd6207fb1a9a3a377beb4049b8a07445cec6f0",
                "sha256:83c5e3eb78ce111c2f0b45f46106cc697c3cb6c4e5f51308e1f81b512c70c8fb",
                "sha256:889d4c5c5205a9c90118c1980df526857929841df33e4cd1ff1eff77c6817a65",
                "sha256:935ff247b8b78bdf77647fee962b1cc208c51a7b229db30b9ba5f6da3e675178",
                "sha256:98b2669c5af842a70cfab33a7043fcb5e7535a690a00cd251b44c9be0be418e5",
                "sha256:9e2528823ccf5a0a1d23262dfefe5034dce89cd84e4e124dc553dfcdf63ebb92",
                "sha256:bc5e87b72371da87c9bebc68e54882aada9c3114e640de180f62d5da95749cd3",
                "sha256:be105382961745f88d8196bba5a69ee2c4455d87ad2a2e5d1eed6bd7fda4d3fd",
                "sha256:c06d2e340c7bf8b9ec71da2284beab8519a3908eab031f4ea126e8ccfc3fd567",
                "sha256:c2a799e79cee81a862216c47e5623c97b95f1abee8dd1f9eed736df23fb653fb",
                "sha256:cfe79844526dd92e3ecc9490b5031fca5f8ab607e1e858feba232b1b788ff0ea",
                "sha256:d510aef84d9852653d079c84f2f81a82d5d09815e625f35c95714e7364570ad4",
                "sha256:e02a0558e0c2ac8b8bbe6a6ac18c136767ec56b96a321e0dfde2173adfa5a504"
            ],
            "version": "==1.1.1"
        },
        "requests": {
            "hashes": [
                "sha256:27973dd4a904a4f13b263a19c866c13b92a39ed1c964655f025f3f8d3d75b804",
                "sha256:c210084e36a42ae6b9219e00e48287def368a26d03a048ddad7bfee44f75871e"
            ],
            "index": "pypi",
            "version": "==2.25.1"
        },
        "ruamel.yaml": {
            "hashes": [
                "sha256:44bc6b54fddd45e4bc0619059196679f9e8b79c027f4131bb072e6a22f4d5e28",
                "sha256:ac79fb25f5476e8e9ed1c53b8a2286d2c3f5dde49eb37dbcee5c7eb6a8415a22"
            ],
            "version": "==0.17.4"
        },
        "ruamel.yaml.clib": {
            "hashes": [
                "sha256:058a1cc3df2a8aecc12f983a48bda99315cebf55a3b3a5463e37bb599b05727b",
                "sha256:1236df55e0f73cd138c0eca074ee086136c3f16a97c2ac719032c050f7e0622f",
                "sha256:1f8c0a4577c0e6c99d208de5c4d3fd8aceed9574bb154d7a2b21c16bb924154c",
                "sha256:2602e91bd5c1b874d6f93d3086f9830f3e907c543c7672cf293a97c3fabdcd91",
                "sha256:28116f204103cb3a108dfd37668f20abe6e3cafd0d3fd40dba126c732457b3cc",
                "sha256:2d24bd98af676f4990c4d715bcdc2a60b19c56a3fb3a763164d2d8ca0e806ba7",
                "sha256:2fd336a5c6415c82e2deb40d08c222087febe0aebe520f4d21910629018ab0f3",
                "sha256:30dca9bbcbb1cc858717438218d11eafb78666759e5094dd767468c0d577a7e7",
                "sha256:44c7b0498c39f27795224438f1a6be6c5352f82cb887bc33d962c3a3acc00df6",
                "sha256:464e66a04e740d754170be5e740657a3b3b6d2bcc567f0c3437879a6e6087ff6",
                "sha256:46d6d20815064e8bb023ea8628cfb7402c0f0e83de2c2227a88097e239a7dffd",
                "sha256:4df5019e7783d14b79217ad9c56edf1ba7485d614ad5a385d1b3c768635c81c0",
                "sha256:4e52c96ca66de04be42ea2278012a2342d89f5e82b4512fb6fb7134e377e2e62",
                "sha256:5254af7d8bdf4d5484c089f929cb7f5bafa59b4f01d4f48adda4be41e6d29f99",
                "sha256:52ae5739e4b5d6317b52f5b040b1b6639e8af68a5b8fd606a8b08658fbd0cab5",
                "sha256:53b9dd1abd70e257a6e32f934ebc482dac5edb8c93e23deb663eac724c30b026",
                "sha256:6c0a5dc52fc74eb87c67374a4e554d4761fd42a4d01390b7e868b30d21f4b8bb",
                "sha256:73b3d43e04cc4b228fa6fa5d796409ece6fcb53a6c270eb2048109cbcbc3b9c2",
                "sha256:74161d827407f4db9072011adcfb825b5258a5ccb3d2cd518dd6c9edea9e30f1",
                "sha256:75f0ee6839532e52a3a53f80ce64925ed4aed697dd3fa890c4c918f3304bd4f4",
                "sha256:839dd72545ef7ba78fd2aa1a5dd07b33696adf3e68fae7f31327161c1093001b",
                "sha256:8be05be57dc5c7b4a0b24edcaa2f7275866d9c907725226cdde46da09367d923",
                "sha256:8e8fd0a22c9d92af3a34f91e8a2594eeb35cba90ab643c5e0e643567dc8be43e",
                "sha256:a873e4d4954f865dcb60bdc4914af7eaae48fb56b60ed6daa1d6251c72f5337c",
                "sha256:ab845f1f51f7eb750a78937be9f79baea4a42c7960f5a94dde34e69f3cce1988",
                "sha256:b1e981fe1aff1fd11627f531524826a4dcc1f26c726235a52fcb62ded27d150f",
                "sha256:b4b0d31f2052b3f9f9b5327024dc629a253a83d8649d4734ca7f35b60ec3e9e5",
                "sha256:c6ac7e45367b1317e56f1461719c853fd6825226f45b835df7436bb04031fd8a",
                "sha256:daf21aa33ee9b351f66deed30a3d450ab55c14242cfdfcd377798e2c0d25c9f1",
                "sha256:e9f7d1d8c26a6a12c23421061f9022bb62704e38211fe375c645485f38df34a2",
                "sha256:f6061a31880c1ed6b6ce341215336e2f3d0c1deccd84957b6fa8ca474b41e89f"
            ],
            "markers": "platform_python_implementation == 'CPython' and python_version < '3.10'",
            "version": "==0.2.2"
        },
        "scikit-image": {
            "hashes": [
                "sha256:1256017c513e8e1b8b9da73e5fd1e605d0077bbbc8e5c8d6c2cab36400131c6c",
                "sha256:1cd05c882ffb2a271a1f20b4afe937d63d55b8753c3d652f11495883a7800ebe",
                "sha256:23f9178b21c752bfb4e4ea3a3fa0ff79bc5a401bc75ddb4661f2cebd1c2b0e24",
                "sha256:2c058770c6ad6e0fe6c30f59970c9c65fa740ff014d121d8c341664cd792cf49",
                "sha256:2eea42706a25ae6e0cebaf1914e2ab1c04061b1f3c9966d76025d58a2e9188fc",
                "sha256:30447af3f5b7c9491f2d3db5bc275493d1b91bf1dd16b67e2fd79a6bb95d8ee9",
                "sha256:3515b890e771f99bbe1051a0dcfe0fc477da961da933c34f89808a0f1eeb7dc2",
                "sha256:5f602779258807d03e72c0a439cfb221f647e628be166fb3594397435f13c76b",
                "sha256:76446e2402e64d7dba78eeae8aa86e92a0cafe5b1c9e6235bd8d067471ed2788",
                "sha256:ae6659b3a8bd4bba7e9dcbfd0064e443b32c7054bf09174749db896730fcf42e",
                "sha256:c700336a7f96109c74154090c5e693693a8e3fa09ed6156a5996cdc9a3bb1534",
                "sha256:d5ad4a9b4c9797d4c4c48f45fa224c5ebff22b9b0af636c3ecb8addbb66c21e6",
                "sha256:d746540cafe7776c6d05a0b40ec744bb8d33d1ddc51faba601d26c02593d8bcc",
                "sha256:e972c628ad9ba52c298b032368e29af9bd5eeb81ce33bc2d9b039a81661c99c5",
                "sha256:ec25e4110951d3a280421bb10dd510a082ba83d86e20d706294faf7899cdb3d5",
                "sha256:fbb618ca911867bce45574c1639618cdfb5d94e207432b19bc19563d80d2f171"
            ],
            "version": "==0.18.1"
        },
        "scipy": {
            "hashes": [
                "sha256:03f1fd3574d544456325dae502facdf5c9f81cbfe12808a5e67a737613b7ba8c",
                "sha256:0c81ea1a95b4c9e0a8424cf9484b7b8fa7ef57169d7bcc0dfcfc23e3d7c81a12",
                "sha256:1fba8a214c89b995e3721670e66f7053da82e7e5d0fe6b31d8e4b19922a9315e",
                "sha256:37f4c2fb904c0ba54163e03993ce3544c9c5cde104bcf90614f17d85bdfbb431",
                "sha256:50e5bcd9d45262725e652611bb104ac0919fd25ecb78c22f5282afabd0b2e189",
                "sha256:6ca1058cb5bd45388041a7c3c11c4b2bd58867ac9db71db912501df77be2c4a4",
                "sha256:77f7a057724545b7e097bfdca5c6006bed8580768cd6621bb1330aedf49afba5",
                "sha256:816951e73d253a41fa2fd5f956f8e8d9ac94148a9a2039e7db56994520582bf2",
                "sha256:96620240b393d155097618bcd6935d7578e85959e55e3105490bbbf2f594c7ad",
                "sha256:993c86513272bc84c451349b10ee4376652ab21f312b0554fdee831d593b6c02",
                "sha256:adf7cee8e5c92b05f2252af498f77c7214a2296d009fc5478fc432c2f8fb953b",
                "sha256:bc52d4d70863141bb7e2f8fd4d98e41d77375606cde50af65f1243ce2d7853e8",
                "sha256:c1d3f771c19af00e1a36f749bd0a0690cc64632783383bc68f77587358feb5a4",
                "sha256:d744657c27c128e357de2f0fd532c09c84cd6e4933e8232895a872e67059ac37",
                "sha256:e3e9742bad925c421d39e699daa8d396c57535582cba90017d17f926b61c1552",
                "sha256:e547f84cd52343ac2d56df0ab08d3e9cc202338e7d09fafe286d6c069ddacb31",
                "sha256:e89091e6a8e211269e23f049473b2fde0c0e5ae0dd5bd276c3fc91b97da83480",
                "sha256:e9da33e21c9bc1b92c20b5328adb13e5f193b924c9b969cd700c8908f315aa59",
                "sha256:ffdfb09315896c6e9ac739bb6e13a19255b698c24e6b28314426fd40a1180822"
            ],
            "index": "pypi",
            "version": "==1.6.2"
        },
        "six": {
            "hashes": [
                "sha256:30639c035cdb23534cd4aa2dd52c3bf48f06e5f4a941509c8bafd8ce11080259",
                "sha256:8b74bedcbbbaca38ff6d7491d76f2b06b3592611af620f8426e82dddb04a5ced"
            ],
            "version": "==1.15.0"
        },
        "tabulate": {
            "hashes": [
                "sha256:d7c013fe7abbc5e491394e10fa845f8f32fe54f8dc60c6622c6cf482d25d47e4",
                "sha256:eb1d13f25760052e8931f2ef80aaf6045a6cceb47514db8beab24cded16f13a7"
            ],
            "index": "pypi",
            "version": "==0.8.9"
        },
        "tifffile": {
            "hashes": [
                "sha256:1cfc55f5b728e200142580a7bf108b72775c4097d007b4111876559fa1fb7432",
                "sha256:55aa8baad38e1567c9fe450fff52160e4a21294a612f241c5e414da80f87209b"
            ],
            "version": "==2021.4.8"
        },
        "toml": {
            "hashes": [
                "sha256:806143ae5bfb6a3c6e736a764057db0e6a0e05e338b5630894a5f779cabb4f9b",
                "sha256:b3bda1d108d5dd99f4a20d24d9c348e91c4db7ab1b749200bded2f839ccbe68f"
            ],
            "version": "==0.10.2"
        },
        "tqdm": {
            "hashes": [
                "sha256:9fdf349068d047d4cfbe24862c425883af1db29bcddf4b0eeb2524f6fbdb23c7",
                "sha256:d666ae29164da3e517fcf125e41d4fe96e5bb375cd87ff9763f6b38b5592fe33"
            ],
            "index": "pypi",
            "version": "==4.59.0"
        },
        "urllib3": {
            "hashes": [
                "sha256:2f4da4594db7e1e110a944bb1b551fdf4e6c136ad42e4234131391e21eb5b0df",
                "sha256:e7b021f7241115872f92f43c6508082facffbd1c048e3c6e2bb9c2a157e28937"
            ],
            "version": "==1.26.4"
        },
        "voluptuous": {
            "hashes": [
                "sha256:663572419281ddfaf4b4197fd4942d181630120fb39b333e3adad70aeb56444b",
                "sha256:8ace33fcf9e6b1f59406bfaf6b8ec7bcc44266a9f29080b4deb4fe6ff2492386"
            ],
            "version": "==0.12.1"
        },
        "watchdog": {
            "hashes": [
                "sha256:035f4816daf3c62e03503c267620f3aa8fc7472df85ff3ef1e0c100ea1ed2744",
                "sha256:0f7e9de9ba84af15e9e9fc29c3b13c972daa4d2b11de29aa86b26a26bc877c06",
                "sha256:13c9ff58508dce55ba416eb0ef7af5aa5858558f2ec51112f099fd03503b670b",
                "sha256:19675b8d1f00dabe74a0e66d87980623250d9360a21612e8c27b70a4b214ceeb",
                "sha256:1cd715c4fb803581ded8943f39a51f21c17375d009ca9e3398d6b20638863a70",
                "sha256:1f518a6940cde8720b8826a705c164e6b9bd6cf8c00f14269ffac51e017e06ec",
                "sha256:3e933f3567c4521dd1a5d59fd54a522cae90bebcbeb8b74b84a2f33c90f08388",
                "sha256:41b1a773f364f232b5bc184688e8d60451745d9e0971ac60c648bd47be8f4733",
                "sha256:532fedd993e75554671faa36cd04c580ced3fae084254a779afbbd8aaf00566b",
                "sha256:74528772516228f6a015a647027057939ff0b695a0b864cb3037e8e1aabc7ca0",
                "sha256:89102465764e453609463cf620e744da1b0aa1f9f321b05961e2e7e15b3c9d8b",
                "sha256:a412b1914e27f67b0a10e1ee19b5d035a9f7c115a062bbbd640653d9820ba4c8",
                "sha256:ac6adbdf32e1d180574f9d0819e80259ae48e68727e80c3d950ed5a023714c3e",
                "sha256:adda34bfe6db05485c1dfcd98232bdec385f991fe16358750c2163473eefb985",
                "sha256:d2fcbc15772a82cd139c803a513c45b0fbc72a10a8a34dc2a8b429110b6f1236",
                "sha256:d54e187b76053982180532cb7fd31152201c438b348c456f699929f8a89e786d",
                "sha256:e0114e48ee981b38e328eaa0d5a625c7b4fc144b8dc7f7637749d6b5f7fefb0e"
            ],
            "index": "pypi",
            "version": "==2.0.2"
        }
    },
    "develop": {
        "attrs": {
            "hashes": [
                "sha256:31b2eced602aa8423c2aea9c76a724617ed67cf9513173fd3a4f03e3a929c7e6",
                "sha256:832aa3cde19744e49938b91fea06d69ecb9e649c93ba974535d08ad92164f700"
            ],
            "version": "==20.3.0"
        },
        "iniconfig": {
            "hashes": [
                "sha256:011e24c64b7f47f6ebd835bb12a743f2fbe9a26d4cecaa7f53bc4f35ee9da8b3",
                "sha256:bc3af051d7d14b2ee5ef9969666def0cd1a000e121eaea580d4a313df4b37f32"
            ],
            "version": "==1.1.1"
        },
        "packaging": {
            "hashes": [
                "sha256:5b327ac1320dc863dca72f4514ecc086f31186744b84a230374cc1fd776feae5",
                "sha256:67714da7f7bc052e064859c05c595155bd1ee9f69f76557e21f051443c20947a"
            ],
            "version": "==20.9"
        },
        "pluggy": {
            "hashes": [
                "sha256:15b2acde666561e1298d71b523007ed7364de07029219b604cf808bfa1c765b0",
                "sha256:966c145cd83c96502c3c3868f50408687b38434af77734af1e9ca461a4081d2d"
            ],
            "version": "==0.13.1"
        },
        "py": {
            "hashes": [
                "sha256:21b81bda15b66ef5e1a777a21c4dcd9c20ad3efd0b3f817e7a809035269e1bd3",
                "sha256:3b80836aa6d1feeaa108e046da6423ab8f6ceda6468545ae8d02d9d58d18818a"
            ],
            "version": "==1.10.0"
        },
        "pyparsing": {
            "hashes": [
                "sha256:c203ec8783bf771a155b207279b9bccb8dea02d8f0c9e5f8ead507bc3246ecc1",
                "sha256:ef9d7589ef3c200abe66653d3f1ab1033c3c419ae9b9bdb1240a85b024efc88b"
            ],
            "version": "==2.4.7"
        },
        "pytest": {
            "hashes": [
                "sha256:671238a46e4df0f3498d1c3270e5deb9b32d25134c99b7d75370a68cfbe9b634",
                "sha256:6ad9c7bdf517a808242b998ac20063c41532a570d088d77eec1ee12b0b5574bc"
            ],
            "index": "pypi",
            "version": "==6.2.3"
        },
        "toml": {
            "hashes": [
                "sha256:806143ae5bfb6a3c6e736a764057db0e6a0e05e338b5630894a5f779cabb4f9b",
                "sha256:b3bda1d108d5dd99f4a20d24d9c348e91c4db7ab1b749200bded2f839ccbe68f"
            ],
            "version": "==0.10.2"
        }
    }
}
